{
  "version": 4,
  "terraform_version": "1.10.1",
  "serial": 43,
  "lineage": "13f7ab71-0208-3c4c-da73-b4888ef3e443",
  "outputs": {
    "chatbot_configuration_arn": {
      "value": "arn:aws:chatbot::590184076844:chat-configuration/slack-channel/chatops-slack-channel",
      "type": "string",
      "sensitive": true
    },
    "chatbot_slack_configured": {
      "value": true,
      "type": "bool"
    },
    "cloudfront_dashboard_url": {
      "value": "https://d1nh5suull9bgw.cloudfront.net",
      "type": "string"
    },
    "lambda_function_arn": {
      "value": "arn:aws:lambda:us-east-1:590184076844:function:chatops-chatops-handler",
      "type": "string"
    },
    "sns_topic_arn": {
      "value": "arn:aws:sns:us-east-1:590184076844:chatops-alerts",
      "type": "string"
    }
  },
  "resources": [
    {
      "module": "module.chatbot",
      "mode": "managed",
      "type": "aws_cloudwatch_log_group",
      "name": "chatbot",
      "provider": "provider[\"registry.terraform.io/hashicorp/aws\"]",
      "instances": [
        {
          "schema_version": 0,
          "attributes": {
            "arn": "arn:aws:logs:us-east-1:590184076844:log-group:/aws/chatbot/chatops",
            "id": "/aws/chatbot/chatops",
            "kms_key_id": "",
            "log_group_class": "STANDARD",
            "name": "/aws/chatbot/chatops",
            "name_prefix": "",
            "retention_in_days": 14,
            "skip_destroy": false,
            "tags": {},
            "tags_all": {}
          },
          "sensitive_attributes": [],
          "private": "bnVsbA=="
        }
      ]
    },
    {
      "module": "module.chatbot",
      "mode": "managed",
      "type": "aws_sns_topic_subscription",
      "name": "chatbot",
      "provider": "provider[\"registry.terraform.io/hashicorp/aws\"]",
      "instances": [
        {
          "index_key": 0,
          "schema_version": 0,
          "attributes": {
            "arn": "arn:aws:sns:us-east-1:590184076844:chatops-alerts:9f36a4ee-167d-43ec-890e-71a313ea4860",
            "confirmation_timeout_in_minutes": 1,
            "confirmation_was_authenticated": false,
            "delivery_policy": "",
            "endpoint": "https://global.sns-api.chatbot.amazonaws.com",
            "endpoint_auto_confirms": false,
            "filter_policy": "",
            "filter_policy_scope": "",
            "id": "arn:aws:sns:us-east-1:590184076844:chatops-alerts:9f36a4ee-167d-43ec-890e-71a313ea4860",
            "owner_id": "590184076844",
            "pending_confirmation": false,
            "protocol": "https",
            "raw_message_delivery": false,
            "redrive_policy": "",
            "replay_policy": "",
            "subscription_role_arn": "",
            "topic_arn": "arn:aws:sns:us-east-1:590184076844:chatops-alerts"
          },
          "sensitive_attributes": [],
          "private": "bnVsbA==",
          "dependencies": [
            "module.chatbot.awscc_chatbot_slack_channel_configuration.this",
            "module.cloudwatch.aws_sns_topic.alerts",
            "module.iam.aws_iam_role.chatbot"
          ]
        }
      ]
    },
    {
      "module": "module.chatbot",
      "mode": "managed",
      "type": "awscc_chatbot_slack_channel_configuration",
      "name": "this",
      "provider": "provider[\"registry.terraform.io/hashicorp/awscc\"]",
      "instances": [
        {
          "index_key": 0,
          "schema_version": 1,
          "attributes": {
            "arn": "arn:aws:chatbot::590184076844:chat-configuration/slack-channel/chatops-slack-channel",
            "configuration_name": "chatops-slack-channel",
            "customization_resource_arns": null,
            "guardrail_policies": [
              "arn:aws:iam::aws:policy/ReadOnlyAccess"
            ],
            "iam_role_arn": "arn:aws:iam::590184076844:role/chatops-chatbot-role",
            "id": "arn:aws:chatbot::590184076844:chat-configuration/slack-channel/chatops-slack-channel",
            "logging_level": "INFO",
            "slack_channel_id": "C0B1FRPSLBW",
            "slack_workspace_id": "T0320R3NKM4",
            "sns_topic_arns": [
              "arn:aws:sns:us-east-1:590184076844:chatops-alerts"
            ],
            "tags": null,
            "user_role_required": false
          },
          "sensitive_attributes": [
            [
              {
                "type": "get_attr",
                "value": "slack_channel_id"
              }
            ],
            [
              {
                "type": "get_attr",
                "value": "slack_workspace_id"
              }
            ]
          ],
          "dependencies": [
            "module.cloudwatch.aws_sns_topic.alerts",
            "module.iam.aws_iam_role.chatbot"
          ]
        }
      ]
    },
    {
      "module": "module.cloudwatch",
      "mode": "managed",
      "type": "aws_cloudwatch_composite_alarm",
      "name": "lambda_critical",
      "provider": "provider[\"registry.terraform.io/hashicorp/aws\"]",
      "instances": [
        {
          "schema_version": 0,
          "attributes": {
            "actions_enabled": true,
            "actions_suppressor": [],
            "alarm_actions": [
              "arn:aws:sns:us-east-1:590184076844:chatops-alerts"
            ],
            "alarm_description": "Critical: Lambda is both erroring and throttling simultaneously",
            "alarm_name": "chatops-lambda-critical",
            "alarm_rule": "ALARM(chatops-lambda-errors) AND ALARM(chatops-lambda-throttles)",
            "arn": "arn:aws:cloudwatch:us-east-1:590184076844:alarm:chatops-lambda-critical",
            "id": "chatops-lambda-critical",
            "insufficient_data_actions": null,
            "ok_actions": null,
            "tags": null,
            "tags_all": {}
          },
          "sensitive_attributes": [],
          "private": "bnVsbA==",
          "dependencies": [
            "module.cloudwatch.aws_cloudwatch_metric_alarm.lambda_errors",
            "module.cloudwatch.aws_cloudwatch_metric_alarm.lambda_throttles",
            "module.cloudwatch.aws_sns_topic.alerts",
            "module.iam.aws_iam_role.lambda",
            "module.iam.aws_iam_role.ssm",
            "module.lambda.aws_cloudwatch_log_group.lambda",
            "module.lambda.aws_lambda_function.chatops",
            "module.lambda.data.archive_file.lambda_zip",
            "module.ssm.aws_ssm_document.check_lambda_health",
            "module.ssm.aws_ssm_document.describe_instances",
            "module.ssm.aws_ssm_document.list_active_alarms",
            "module.ssm.aws_ssm_document.list_lambdas",
            "module.ssm.aws_ssm_document.list_sns_subscriptions",
            "module.ssm.aws_ssm_document.restart_instance",
            "module.ssm.aws_ssm_document.stop_instance"
          ]
        }
      ]
    },
    {
      "module": "module.cloudwatch",
      "mode": "managed",
      "type": "aws_cloudwatch_metric_alarm",
      "name": "lambda_concurrency",
      "provider": "provider[\"registry.terraform.io/hashicorp/aws\"]",
      "instances": [
        {
          "schema_version": 1,
          "attributes": {
            "actions_enabled": true,
            "alarm_actions": [
              "arn:aws:sns:us-east-1:590184076844:chatops-alerts"
            ],
            "alarm_description": "ChatOps Lambda concurrent executions are unusually high",
            "alarm_name": "chatops-lambda-concurrency",
            "arn": "arn:aws:cloudwatch:us-east-1:590184076844:alarm:chatops-lambda-concurrency",
            "comparison_operator": "GreaterThanOrEqualToThreshold",
            "datapoints_to_alarm": 0,
            "dimensions": {
              "FunctionName": "chatops-chatops-handler"
            },
            "evaluate_low_sample_count_percentiles": "",
            "evaluation_periods": 1,
            "extended_statistic": "",
            "id": "chatops-lambda-concurrency",
            "insufficient_data_actions": null,
            "metric_name": "ConcurrentExecutions",
            "metric_query": [],
            "namespace": "AWS/Lambda",
            "ok_actions": [
              "arn:aws:sns:us-east-1:590184076844:chatops-alerts"
            ],
            "period": 60,
            "statistic": "Maximum",
            "tags": null,
            "tags_all": {},
            "threshold": 10,
            "threshold_metric_id": "",
            "treat_missing_data": "notBreaching",
            "unit": ""
          },
          "sensitive_attributes": [],
          "private": "eyJzY2hlbWFfdmVyc2lvbiI6IjEifQ==",
          "dependencies": [
            "module.cloudwatch.aws_sns_topic.alerts",
            "module.iam.aws_iam_role.lambda",
            "module.iam.aws_iam_role.ssm",
            "module.lambda.aws_cloudwatch_log_group.lambda",
            "module.lambda.aws_lambda_function.chatops",
            "module.lambda.data.archive_file.lambda_zip",
            "module.ssm.aws_ssm_document.check_lambda_health",
            "module.ssm.aws_ssm_document.describe_instances",
            "module.ssm.aws_ssm_document.list_active_alarms",
            "module.ssm.aws_ssm_document.list_lambdas",
            "module.ssm.aws_ssm_document.list_sns_subscriptions",
            "module.ssm.aws_ssm_document.restart_instance",
            "module.ssm.aws_ssm_document.stop_instance"
          ]
        }
      ]
    },
    {
      "module": "module.cloudwatch",
      "mode": "managed",
      "type": "aws_cloudwatch_metric_alarm",
      "name": "lambda_duration",
      "provider": "provider[\"registry.terraform.io/hashicorp/aws\"]",
      "instances": [
        {
          "schema_version": 1,
          "attributes": {
            "actions_enabled": true,
            "alarm_actions": [
              "arn:aws:sns:us-east-1:590184076844:chatops-alerts"
            ],
            "alarm_description": "ChatOps Lambda function duration is too high",
            "alarm_name": "chatops-lambda-duration",
            "arn": "arn:aws:cloudwatch:us-east-1:590184076844:alarm:chatops-lambda-duration",
            "comparison_operator": "GreaterThanOrEqualToThreshold",
            "datapoints_to_alarm": 0,
            "dimensions": {
              "FunctionName": "chatops-chatops-handler"
            },
            "evaluate_low_sample_count_percentiles": "",
            "evaluation_periods": 1,
            "extended_statistic": "",
            "id": "chatops-lambda-duration",
            "insufficient_data_actions": null,
            "metric_name": "Duration",
            "metric_query": [],
            "namespace": "AWS/Lambda",
            "ok_actions": [
              "arn:aws:sns:us-east-1:590184076844:chatops-alerts"
            ],
            "period": 60,
            "statistic": "Maximum",
            "tags": null,
            "tags_all": {},
            "threshold": 50000,
            "threshold_metric_id": "",
            "treat_missing_data": "notBreaching",
            "unit": ""
          },
          "sensitive_attributes": [],
          "private": "eyJzY2hlbWFfdmVyc2lvbiI6IjEifQ==",
          "dependencies": [
            "module.cloudwatch.aws_sns_topic.alerts",
            "module.iam.aws_iam_role.lambda",
            "module.iam.aws_iam_role.ssm",
            "module.lambda.aws_cloudwatch_log_group.lambda",
            "module.lambda.aws_lambda_function.chatops",
            "module.lambda.data.archive_file.lambda_zip",
            "module.ssm.aws_ssm_document.check_lambda_health",
            "module.ssm.aws_ssm_document.describe_instances",
            "module.ssm.aws_ssm_document.list_active_alarms",
            "module.ssm.aws_ssm_document.list_lambdas",
            "module.ssm.aws_ssm_document.list_sns_subscriptions",
            "module.ssm.aws_ssm_document.restart_instance",
            "module.ssm.aws_ssm_document.stop_instance"
          ]
        }
      ]
    },
    {
      "module": "module.cloudwatch",
      "mode": "managed",
      "type": "aws_cloudwatch_metric_alarm",
      "name": "lambda_errors",
      "provider": "provider[\"registry.terraform.io/hashicorp/aws\"]",
      "instances": [
        {
          "schema_version": 1,
          "attributes": {
            "actions_enabled": true,
            "alarm_actions": [
              "arn:aws:sns:us-east-1:590184076844:chatops-alerts"
            ],
            "alarm_description": "ChatOps Lambda function is throwing errors",
            "alarm_name": "chatops-lambda-errors",
            "arn": "arn:aws:cloudwatch:us-east-1:590184076844:alarm:chatops-lambda-errors",
            "comparison_operator": "GreaterThanOrEqualToThreshold",
            "datapoints_to_alarm": 0,
            "dimensions": {
              "FunctionName": "chatops-chatops-handler"
            },
            "evaluate_low_sample_count_percentiles": "",
            "evaluation_periods": 1,
            "extended_statistic": "",
            "id": "chatops-lambda-errors",
            "insufficient_data_actions": null,
            "metric_name": "Errors",
            "metric_query": [],
            "namespace": "AWS/Lambda",
            "ok_actions": [
              "arn:aws:sns:us-east-1:590184076844:chatops-alerts"
            ],
            "period": 60,
            "statistic": "Sum",
            "tags": null,
            "tags_all": {},
            "threshold": 1,
            "threshold_metric_id": "",
            "treat_missing_data": "notBreaching",
            "unit": ""
          },
          "sensitive_attributes": [],
          "private": "eyJzY2hlbWFfdmVyc2lvbiI6IjEifQ==",
          "dependencies": [
            "module.cloudwatch.aws_sns_topic.alerts",
            "module.iam.aws_iam_role.lambda",
            "module.iam.aws_iam_role.ssm",
            "module.lambda.aws_cloudwatch_log_group.lambda",
            "module.lambda.aws_lambda_function.chatops",
            "module.lambda.data.archive_file.lambda_zip",
            "module.ssm.aws_ssm_document.check_lambda_health",
            "module.ssm.aws_ssm_document.describe_instances",
            "module.ssm.aws_ssm_document.list_active_alarms",
            "module.ssm.aws_ssm_document.list_lambdas",
            "module.ssm.aws_ssm_document.list_sns_subscriptions",
            "module.ssm.aws_ssm_document.restart_instance",
            "module.ssm.aws_ssm_document.stop_instance"
          ]
        }
      ]
    },
    {
      "module": "module.cloudwatch",
      "mode": "managed",
      "type": "aws_cloudwatch_metric_alarm",
      "name": "lambda_throttles",
      "provider": "provider[\"registry.terraform.io/hashicorp/aws\"]",
      "instances": [
        {
          "schema_version": 1,
          "attributes": {
            "actions_enabled": true,
            "alarm_actions": [
              "arn:aws:sns:us-east-1:590184076844:chatops-alerts"
            ],
            "alarm_description": "ChatOps Lambda function is being throttled",
            "alarm_name": "chatops-lambda-throttles",
            "arn": "arn:aws:cloudwatch:us-east-1:590184076844:alarm:chatops-lambda-throttles",
            "comparison_operator": "GreaterThanOrEqualToThreshold",
            "datapoints_to_alarm": 0,
            "dimensions": {
              "FunctionName": "chatops-chatops-handler"
            },
            "evaluate_low_sample_count_percentiles": "",
            "evaluation_periods": 1,
            "extended_statistic": "",
            "id": "chatops-lambda-throttles",
            "insufficient_data_actions": null,
            "metric_name": "Throttles",
            "metric_query": [],
            "namespace": "AWS/Lambda",
            "ok_actions": [
              "arn:aws:sns:us-east-1:590184076844:chatops-alerts"
            ],
            "period": 60,
            "statistic": "Sum",
            "tags": null,
            "tags_all": {},
            "threshold": 1,
            "threshold_metric_id": "",
            "treat_missing_data": "notBreaching",
            "unit": ""
          },
          "sensitive_attributes": [],
          "private": "eyJzY2hlbWFfdmVyc2lvbiI6IjEifQ==",
          "dependencies": [
            "module.cloudwatch.aws_sns_topic.alerts",
            "module.iam.aws_iam_role.lambda",
            "module.iam.aws_iam_role.ssm",
            "module.lambda.aws_cloudwatch_log_group.lambda",
            "module.lambda.aws_lambda_function.chatops",
            "module.lambda.data.archive_file.lambda_zip",
            "module.ssm.aws_ssm_document.check_lambda_health",
            "module.ssm.aws_ssm_document.describe_instances",
            "module.ssm.aws_ssm_document.list_active_alarms",
            "module.ssm.aws_ssm_document.list_lambdas",
            "module.ssm.aws_ssm_document.list_sns_subscriptions",
            "module.ssm.aws_ssm_document.restart_instance",
            "module.ssm.aws_ssm_document.stop_instance"
          ]
        }
      ]
    },
    {
      "module": "module.cloudwatch",
      "mode": "managed",
      "type": "aws_sns_topic",
      "name": "alerts",
      "provider": "provider[\"registry.terraform.io/hashicorp/aws\"]",
      "instances": [
        {
          "schema_version": 0,
          "attributes": {
            "application_failure_feedback_role_arn": "",
            "application_success_feedback_role_arn": "",
            "application_success_feedback_sample_rate": 0,
            "archive_policy": "",
            "arn": "arn:aws:sns:us-east-1:590184076844:chatops-alerts",
            "beginning_archive_time": "",
            "content_based_deduplication": false,
            "delivery_policy": "",
            "display_name": "",
            "fifo_throughput_scope": "",
            "fifo_topic": false,
            "firehose_failure_feedback_role_arn": "",
            "firehose_success_feedback_role_arn": "",
            "firehose_success_feedback_sample_rate": 0,
            "http_failure_feedback_role_arn": "",
            "http_success_feedback_role_arn": "",
            "http_success_feedback_sample_rate": 0,
            "id": "arn:aws:sns:us-east-1:590184076844:chatops-alerts",
            "kms_master_key_id": "",
            "lambda_failure_feedback_role_arn": "",
            "lambda_success_feedback_role_arn": "",
            "lambda_success_feedback_sample_rate": 0,
            "name": "chatops-alerts",
            "name_prefix": "",
            "owner": "590184076844",
            "policy": "{\"Statement\":[{\"Action\":\"sns:Publish\",\"Effect\":\"Allow\",\"Principal\":{\"Service\":\"events.amazonaws.com\"},\"Resource\":\"arn:aws:sns:us-east-1:590184076844:chatops-alerts\",\"Sid\":\"AllowEventBridgePublish\"}],\"Version\":\"2012-10-17\"}",
            "signature_version": 0,
            "sqs_failure_feedback_role_arn": "",
            "sqs_success_feedback_role_arn": "",
            "sqs_success_feedback_sample_rate": 0,
            "tags": {},
            "tags_all": {},
            "tracing_config": ""
          },
          "sensitive_attributes": [],
          "private": "bnVsbA=="
        }
      ]
    },
    {
      "module": "module.dashboard",
      "mode": "managed",
      "type": "aws_cloudfront_distribution",
      "name": "dashboard",
      "provider": "provider[\"registry.terraform.io/hashicorp/aws\"]",
      "instances": [
        {
          "schema_version": 1,
          "attributes": {
            "aliases": null,
            "arn": "arn:aws:cloudfront::590184076844:distribution/EDJAOXANY0TMO",
            "caller_reference": "terraform-20260503134814144900000001",
            "comment": "ChatOps Operations Dashboard - dev",
            "continuous_deployment_policy_id": "",
            "custom_error_response": [
              {
                "error_caching_min_ttl": null,
                "error_code": 403,
                "response_code": 200,
                "response_page_path": "/index.html"
              },
              {
                "error_caching_min_ttl": null,
                "error_code": 404,
                "response_code": 200,
                "response_page_path": "/index.html"
              }
            ],
            "default_cache_behavior": [
              {
                "allowed_methods": [
                  "GET",
                  "HEAD"
                ],
                "cache_policy_id": "",
                "cached_methods": [
                  "GET",
                  "HEAD"
                ],
                "compress": true,
                "default_ttl": 3600,
                "field_level_encryption_id": "",
                "forwarded_values": [
                  {
                    "cookies": [
                      {
                        "forward": "none",
                        "whitelisted_names": []
                      }
                    ],
                    "headers": [],
                    "query_string": false,
                    "query_string_cache_keys": []
                  }
                ],
                "function_association": [],
                "grpc_config": [
                  {
                    "enabled": false
                  }
                ],
                "lambda_function_association": [],
                "max_ttl": 86400,
                "min_ttl": 0,
                "origin_request_policy_id": "",
                "realtime_log_config_arn": "",
                "response_headers_policy_id": "",
                "smooth_streaming": false,
                "target_origin_id": "chatops-dev-s3-origin",
                "trusted_key_groups": [],
                "trusted_signers": [],
                "viewer_protocol_policy": "redirect-to-https"
              }
            ],
            "default_root_object": "index.html",
            "domain_name": "d1nh5suull9bgw.cloudfront.net",
            "enabled": true,
            "etag": "E23ZP02F085DFQ",
            "hosted_zone_id": "Z2FDTNDATAQYW2",
            "http_version": "http2",
            "id": "EDJAOXANY0TMO",
            "in_progress_validation_batches": 0,
            "is_ipv6_enabled": false,
            "last_modified_time": "2026-05-03 13:46:53.23 +0000 UTC",
            "logging_config": [],
            "ordered_cache_behavior": [],
            "origin": [
              {
                "connection_attempts": 3,
                "connection_timeout": 10,
                "custom_header": [],
                "custom_origin_config": [],
                "domain_name": "chatops-dev-dashboard.s3.us-east-1.amazonaws.com",
                "origin_access_control_id": "E2CZXS0JB1O0D8",
                "origin_id": "chatops-dev-s3-origin",
                "origin_path": "",
                "origin_shield": [],
                "s3_origin_config": [],
                "vpc_origin_config": []
              }
            ],
            "origin_group": [],
            "price_class": "PriceClass_All",
            "restrictions": [
              {
                "geo_restriction": [
                  {
                    "locations": [],
                    "restriction_type": "none"
                  }
                ]
              }
            ],
            "retain_on_delete": false,
            "staging": false,
            "status": "Deployed",
            "tags": null,
            "tags_all": {},
            "trusted_key_groups": [
              {
                "enabled": false,
                "items": []
              }
            ],
            "trusted_signers": [
              {
                "enabled": false,
                "items": []
              }
            ],
            "viewer_certificate": [
              {
                "acm_certificate_arn": "",
                "cloudfront_default_certificate": true,
                "iam_certificate_id": "",
                "minimum_protocol_version": "TLSv1",
                "ssl_support_method": ""
              }
            ],
            "wait_for_deployment": true,
            "web_acl_id": ""
          },
          "sensitive_attributes": [],
          "private": "eyJzY2hlbWFfdmVyc2lvbiI6IjEifQ==",
          "dependencies": [
            "module.dashboard.aws_cloudfront_origin_access_control.dashboard",
            "module.dashboard.aws_s3_bucket.dashboard"
          ]
        }
      ]
    },
    {
      "module": "module.dashboard",
      "mode": "managed",
      "type": "aws_cloudfront_origin_access_control",
      "name": "dashboard",
      "provider": "provider[\"registry.terraform.io/hashicorp/aws\"]",
      "instances": [
        {
          "schema_version": 0,
          "attributes": {
            "arn": "arn:aws:cloudfront::590184076844:origin-access-control/E2CZXS0JB1O0D8",
            "description": "Managed by Terraform",
            "etag": "ETVPDKIKX0DER",
            "id": "E2CZXS0JB1O0D8",
            "name": "chatops-dev-oac",
            "origin_access_control_origin_type": "s3",
            "signing_behavior": "always",
            "signing_protocol": "sigv4"
          },
          "sensitive_attributes": [],
          "private": "bnVsbA=="
        }
      ]
    },
    {
      "module": "module.dashboard",
      "mode": "managed",
      "type": "aws_s3_bucket",
      "name": "dashboard",
      "provider": "provider[\"registry.terraform.io/hashicorp/aws\"]",
      "instances": [
        {
          "schema_version": 0,
          "attributes": {
            "acceleration_status": "",
            "acl": null,
            "arn": "arn:aws:s3:::chatops-dev-dashboard",
            "bucket": "chatops-dev-dashboard",
            "bucket_domain_name": "chatops-dev-dashboard.s3.amazonaws.com",
            "bucket_prefix": "",
            "bucket_regional_domain_name": "chatops-dev-dashboard.s3.us-east-1.amazonaws.com",
            "cors_rule": [],
            "force_destroy": true,
            "grant": [
              {
                "id": "75bbfde00aaabf4adfdb171c3bef20024e2755ddee01fdde7be50dd73f156e2b",
                "permissions": [
                  "FULL_CONTROL"
                ],
                "type": "CanonicalUser",
                "uri": ""
              }
            ],
            "hosted_zone_id": "Z3AQBSTGFYJSTF",
            "id": "chatops-dev-dashboard",
            "lifecycle_rule": [],
            "logging": [],
            "object_lock_configuration": [],
            "object_lock_enabled": false,
            "policy": "",
            "region": "us-east-1",
            "replication_configuration": [],
            "request_payer": "BucketOwner",
            "server_side_encryption_configuration": [
              {
                "rule": [
                  {
                    "apply_server_side_encryption_by_default": [
                      {
                        "kms_master_key_id": "",
                        "sse_algorithm": "AES256"
                      }
                    ],
                    "bucket_key_enabled": false
                  }
                ]
              }
            ],
            "tags": null,
            "tags_all": {},
            "timeouts": null,
            "versioning": [
              {
                "enabled": false,
                "mfa_delete": false
              }
            ],
            "website": [],
            "website_domain": null,
            "website_endpoint": null
          },
          "sensitive_attributes": [],
          "private": "eyJlMmJmYjczMC1lY2FhLTExZTYtOGY4OC0zNDM2M2JjN2M0YzAiOnsiY3JlYXRlIjoxMjAwMDAwMDAwMDAwLCJkZWxldGUiOjM2MDAwMDAwMDAwMDAsInJlYWQiOjEyMDAwMDAwMDAwMDAsInVwZGF0ZSI6MTIwMDAwMDAwMDAwMH19"
        }
      ]
    },
    {
      "module": "module.dashboard",
      "mode": "managed",
      "type": "aws_s3_bucket_policy",
      "name": "dashboard",
      "provider": "provider[\"registry.terraform.io/hashicorp/aws\"]",
      "instances": [
        {
          "schema_version": 0,
          "attributes": {
            "bucket": "chatops-dev-dashboard",
            "id": "chatops-dev-dashboard",
            "policy": "{\"Statement\":[{\"Action\":\"s3:GetObject\",\"Condition\":{\"StringEquals\":{\"AWS:SourceArn\":\"arn:aws:cloudfront::590184076844:distribution/EDJAOXANY0TMO\"}},\"Effect\":\"Allow\",\"Principal\":{\"Service\":\"cloudfront.amazonaws.com\"},\"Resource\":\"arn:aws:s3:::chatops-dev-dashboard/*\",\"Sid\":\"AllowCloudFrontOAC\"}],\"Version\":\"2012-10-17\"}"
          },
          "sensitive_attributes": [],
          "private": "bnVsbA==",
          "dependencies": [
            "module.dashboard.aws_cloudfront_distribution.dashboard",
            "module.dashboard.aws_cloudfront_origin_access_control.dashboard",
            "module.dashboard.aws_s3_bucket.dashboard"
          ]
        }
      ]
    },
    {
      "module": "module.dashboard",
      "mode": "managed",
      "type": "aws_s3_bucket_public_access_block",
      "name": "dashboard",
      "provider": "provider[\"registry.terraform.io/hashicorp/aws\"]",
      "instances": [
        {
          "schema_version": 0,
          "attributes": {
            "block_public_acls": true,
            "block_public_policy": true,
            "bucket": "chatops-dev-dashboard",
            "id": "chatops-dev-dashboard",
            "ignore_public_acls": true,
            "restrict_public_buckets": true
          },
          "sensitive_attributes": [],
          "private": "bnVsbA==",
          "dependencies": [
            "module.dashboard.aws_s3_bucket.dashboard"
          ]
        }
      ]
    },
    {
      "module": "module.dashboard",
      "mode": "managed",
      "type": "aws_s3_bucket_versioning",
      "name": "dashboard",
      "provider": "provider[\"registry.terraform.io/hashicorp/aws\"]",
      "instances": [
        {
          "schema_version": 0,
          "attributes": {
            "bucket": "chatops-dev-dashboard",
            "expected_bucket_owner": "",
            "id": "chatops-dev-dashboard",
            "mfa": null,
            "versioning_configuration": [
              {
                "mfa_delete": "",
                "status": "Enabled"
              }
            ]
          },
          "sensitive_attributes": [],
          "private": "bnVsbA==",
          "dependencies": [
            "module.dashboard.aws_s3_bucket.dashboard"
          ]
        }
      ]
    },
    {
      "module": "module.dashboard",
      "mode": "managed",
      "type": "aws_s3_object",
      "name": "index",
      "provider": "provider[\"registry.terraform.io/hashicorp/aws\"]",
      "instances": [
        {
          "schema_version": 0,
          "attributes": {
            "acl": null,
            "arn": "arn:aws:s3:::chatops-dev-dashboard/index.html",
            "bucket": "chatops-dev-dashboard",
            "bucket_key_enabled": false,
            "cache_control": "",
            "checksum_algorithm": null,
            "checksum_crc32": "",
            "checksum_crc32c": "",
            "checksum_crc64nvme": "",
            "checksum_sha1": "",
            "checksum_sha256": "",
            "content": null,
            "content_base64": null,
            "content_disposition": "",
            "content_encoding": "",
            "content_language": "",
            "content_type": "text/html",
            "etag": "d24c679e099d07ab12b8e0382fb7b8cd",
            "force_destroy": false,
            "id": "index.html",
            "key": "index.html",
            "kms_key_id": null,
            "metadata": null,
            "object_lock_legal_hold_status": "",
            "object_lock_mode": "",
            "object_lock_retain_until_date": "",
            "override_provider": [],
            "server_side_encryption": "AES256",
            "source": "../../modules/dashboard/site/index.html",
            "source_hash": null,
            "storage_class": "STANDARD",
            "tags": null,
            "tags_all": {},
            "version_id": "BLDF.Nub4HLM2r2hnAkoajjPNeGPsrVp",
            "website_redirect": ""
          },
          "sensitive_attributes": [],
          "private": "bnVsbA==",
          "dependencies": [
            "module.dashboard.aws_s3_bucket.dashboard"
          ]
        }
      ]
    },
    {
      "module": "module.eventbridge",
      "mode": "data",
      "type": "aws_caller_identity",
      "name": "current",
      "provider": "provider[\"registry.terraform.io/hashicorp/aws\"]",
      "instances": [
        {
          "schema_version": 0,
          "attributes": {
            "account_id": "590184076844",
            "arn": "arn:aws:iam::590184076844:user/Flora-Admin",
            "id": "590184076844",
            "user_id": "AIDAYS2NWKYWCIWV5NT3S"
          },
          "sensitive_attributes": []
        }
      ]
    },
    {
      "module": "module.eventbridge",
      "mode": "managed",
      "type": "aws_cloudwatch_event_rule",
      "name": "alarm_state_change",
      "provider": "provider[\"registry.terraform.io/hashicorp/aws\"]",
      "instances": [
        {
          "schema_version": 1,
          "attributes": {
            "arn": "arn:aws:events:us-east-1:590184076844:rule/chatops-alarm-state-change",
            "description": "Route CloudWatch alarm state changes to SNS for Slack delivery",
            "event_bus_name": "default",
            "event_pattern": "{\"detail\":{\"state\":{\"value\":[\"ALARM\",\"OK\"]}},\"detail-type\":[\"CloudWatch Alarm State Change\"],\"source\":[\"aws.cloudwatch\"]}",
            "force_destroy": false,
            "id": "chatops-alarm-state-change",
            "is_enabled": true,
            "name": "chatops-alarm-state-change",
            "name_prefix": "",
            "role_arn": "",
            "schedule_expression": "",
            "state": "ENABLED",
            "tags": {},
            "tags_all": {}
          },
          "sensitive_attributes": [],
          "private": "eyJzY2hlbWFfdmVyc2lvbiI6IjEifQ=="
        }
      ]
    },
    {
      "module": "module.eventbridge",
      "mode": "managed",
      "type": "aws_cloudwatch_event_rule",
      "name": "alarm_to_lambda",
      "provider": "provider[\"registry.terraform.io/hashicorp/aws\"]",
      "instances": [
        {
          "schema_version": 1,
          "attributes": {
            "arn": "arn:aws:events:us-east-1:590184076844:rule/chatops-alarm-to-lambda",
            "description": "Trigger ChatOps Lambda on ALARM state for automated remediation",
            "event_bus_name": "default",
            "event_pattern": "{\"detail\":{\"state\":{\"value\":[\"ALARM\"]}},\"detail-type\":[\"CloudWatch Alarm State Change\"],\"source\":[\"aws.cloudwatch\"]}",
            "force_destroy": false,
            "id": "chatops-alarm-to-lambda",
            "is_enabled": true,
            "name": "chatops-alarm-to-lambda",
            "name_prefix": "",
            "role_arn": "",
            "schedule_expression": "",
            "state": "ENABLED",
            "tags": {},
            "tags_all": {}
          },
          "sensitive_attributes": [],
          "private": "eyJzY2hlbWFfdmVyc2lvbiI6IjEifQ=="
        }
      ]
    },
    {
      "module": "module.eventbridge",
      "mode": "managed",
      "type": "aws_cloudwatch_event_rule",
      "name": "ssm_execution_status",
      "provider": "provider[\"registry.terraform.io/hashicorp/aws\"]",
      "instances": [
        {
          "schema_version": 1,
          "attributes": {
            "arn": "arn:aws:events:us-east-1:590184076844:rule/chatops-ssm-execution-status",
            "description": "Route SSM automation execution results to Slack",
            "event_bus_name": "default",
            "event_pattern": "{\"detail\":{\"Status\":[\"Success\",\"Failed\",\"TimedOut\",\"Cancelled\"]},\"detail-type\":[\"EC2 Automation Execution Status-change Notification\"],\"source\":[\"aws.ssm\"]}",
            "force_destroy": false,
            "id": "chatops-ssm-execution-status",
            "is_enabled": true,
            "name": "chatops-ssm-execution-status",
            "name_prefix": "",
            "role_arn": "",
            "schedule_expression": "",
            "state": "ENABLED",
            "tags": {},
            "tags_all": {}
          },
          "sensitive_attributes": [],
          "private": "eyJzY2hlbWFfdmVyc2lvbiI6IjEifQ=="
        }
      ]
    },
    {
      "module": "module.eventbridge",
      "mode": "managed",
      "type": "aws_cloudwatch_event_target",
      "name": "alarm_invoke_lambda",
      "provider": "provider[\"registry.terraform.io/hashicorp/aws\"]",
      "instances": [
        {
          "schema_version": 1,
          "attributes": {
            "appsync_target": [],
            "arn": "arn:aws:lambda:us-east-1:590184076844:function:chatops-chatops-handler",
            "batch_target": [],
            "dead_letter_config": [],
            "ecs_target": [],
            "event_bus_name": "default",
            "force_destroy": false,
            "http_target": [],
            "id": "chatops-alarm-to-lambda-AlarmInvokeLambda",
            "input": "",
            "input_path": "",
            "input_transformer": [],
            "kinesis_target": [],
            "redshift_target": [],
            "retry_policy": [],
            "role_arn": "",
            "rule": "chatops-alarm-to-lambda",
            "run_command_targets": [],
            "sagemaker_pipeline_target": [],
            "sqs_target": [],
            "target_id": "AlarmInvokeLambda"
          },
          "sensitive_attributes": [],
          "private": "eyJzY2hlbWFfdmVyc2lvbiI6IjEifQ==",
          "dependencies": [
            "module.eventbridge.aws_cloudwatch_event_rule.alarm_to_lambda",
            "module.iam.aws_iam_role.lambda",
            "module.iam.aws_iam_role.ssm",
            "module.lambda.aws_cloudwatch_log_group.lambda",
            "module.lambda.aws_lambda_function.chatops",
            "module.lambda.data.archive_file.lambda_zip",
            "module.ssm.aws_ssm_document.check_lambda_health",
            "module.ssm.aws_ssm_document.describe_instances",
            "module.ssm.aws_ssm_document.list_active_alarms",
            "module.ssm.aws_ssm_document.list_lambdas",
            "module.ssm.aws_ssm_document.list_sns_subscriptions",
            "module.ssm.aws_ssm_document.restart_instance",
            "module.ssm.aws_ssm_document.stop_instance"
          ]
        }
      ]
    },
    {
      "module": "module.eventbridge",
      "mode": "managed",
      "type": "aws_cloudwatch_event_target",
      "name": "alarm_to_sns",
      "provider": "provider[\"registry.terraform.io/hashicorp/aws\"]",
      "instances": [
        {
          "schema_version": 1,
          "attributes": {
            "appsync_target": [],
            "arn": "arn:aws:sns:us-east-1:590184076844:chatops-alerts",
            "batch_target": [],
            "dead_letter_config": [],
            "ecs_target": [],
            "event_bus_name": "default",
            "force_destroy": false,
            "http_target": [],
            "id": "chatops-alarm-state-change-AlarmToSNS",
            "input": "",
            "input_path": "",
            "input_transformer": [],
            "kinesis_target": [],
            "redshift_target": [],
            "retry_policy": [],
            "role_arn": "",
            "rule": "chatops-alarm-state-change",
            "run_command_targets": [],
            "sagemaker_pipeline_target": [],
            "sqs_target": [],
            "target_id": "AlarmToSNS"
          },
          "sensitive_attributes": [],
          "private": "eyJzY2hlbWFfdmVyc2lvbiI6IjEifQ==",
          "dependencies": [
            "module.cloudwatch.aws_sns_topic.alerts",
            "module.eventbridge.aws_cloudwatch_event_rule.alarm_state_change"
          ]
        }
      ]
    },
    {
      "module": "module.eventbridge",
      "mode": "managed",
      "type": "aws_cloudwatch_event_target",
      "name": "ssm_status_to_sns",
      "provider": "provider[\"registry.terraform.io/hashicorp/aws\"]",
      "instances": [
        {
          "schema_version": 1,
          "attributes": {
            "appsync_target": [],
            "arn": "arn:aws:sns:us-east-1:590184076844:chatops-alerts",
            "batch_target": [],
            "dead_letter_config": [],
            "ecs_target": [],
            "event_bus_name": "default",
            "force_destroy": false,
            "http_target": [],
            "id": "chatops-ssm-execution-status-SSMStatusToSNS",
            "input": "",
            "input_path": "",
            "input_transformer": [],
            "kinesis_target": [],
            "redshift_target": [],
            "retry_policy": [],
            "role_arn": "",
            "rule": "chatops-ssm-execution-status",
            "run_command_targets": [],
            "sagemaker_pipeline_target": [],
            "sqs_target": [],
            "target_id": "SSMStatusToSNS"
          },
          "sensitive_attributes": [],
          "private": "eyJzY2hlbWFfdmVyc2lvbiI6IjEifQ==",
          "dependencies": [
            "module.cloudwatch.aws_sns_topic.alerts",
            "module.eventbridge.aws_cloudwatch_event_rule.ssm_execution_status"
          ]
        }
      ]
    },
    {
      "module": "module.eventbridge",
      "mode": "managed",
      "type": "aws_sns_topic_policy",
      "name": "allow_eventbridge",
      "provider": "provider[\"registry.terraform.io/hashicorp/aws\"]",
      "instances": [
        {
          "schema_version": 0,
          "attributes": {
            "arn": "arn:aws:sns:us-east-1:590184076844:chatops-alerts",
            "id": "arn:aws:sns:us-east-1:590184076844:chatops-alerts",
            "owner": "590184076844",
            "policy": "{\"Statement\":[{\"Action\":\"sns:Publish\",\"Effect\":\"Allow\",\"Principal\":{\"Service\":\"events.amazonaws.com\"},\"Resource\":\"arn:aws:sns:us-east-1:590184076844:chatops-alerts\",\"Sid\":\"AllowEventBridgePublish\"},{\"Action\":\"sns:Publish\",\"Effect\":\"Allow\",\"Principal\":{\"Service\":\"cloudwatch.amazonaws.com\"},\"Resource\":\"arn:aws:sns:us-east-1:590184076844:chatops-alerts\",\"Sid\":\"AllowCloudWatchPublish\"},{\"Action\":\"sns:Publish\",\"Effect\":\"Allow\",\"Principal\":{\"AWS\":\"arn:aws:iam::590184076844:root\"},\"Resource\":\"arn:aws:sns:us-east-1:590184076844:chatops-alerts\",\"Sid\":\"AllowAccountPublish\"}],\"Version\":\"2012-10-17\"}"
          },
          "sensitive_attributes": [],
          "private": "bnVsbA==",
          "dependencies": [
            "module.cloudwatch.aws_sns_topic.alerts",
            "module.eventbridge.data.aws_caller_identity.current"
          ]
        }
      ]
    },
    {
      "module": "module.iam",
      "mode": "managed",
      "type": "aws_iam_role",
      "name": "chatbot",
      "provider": "provider[\"registry.terraform.io/hashicorp/aws\"]",
      "instances": [
        {
          "schema_version": 0,
          "attributes": {
            "arn": "arn:aws:iam::590184076844:role/chatops-chatbot-role",
            "assume_role_policy": "{\"Statement\":[{\"Action\":\"sts:AssumeRole\",\"Effect\":\"Allow\",\"Principal\":{\"Service\":\"chatbot.amazonaws.com\"}}],\"Version\":\"2012-10-17\"}",
            "create_date": "2026-05-03T13:46:49Z",
            "description": "",
            "force_detach_policies": false,
            "id": "chatops-chatbot-role",
            "inline_policy": [
              {
                "name": "chatops-chatbot-policy",
                "policy": "{\"Version\":\"2012-10-17\",\"Statement\":[{\"Action\":[\"cloudwatch:Describe*\",\"cloudwatch:Get*\",\"cloudwatch:List*\"],\"Effect\":\"Allow\",\"Resource\":\"*\",\"Sid\":\"CloudWatchRead\"},{\"Action\":[\"lambda:invokeFunction\",\"lambda:ListFunctions\"],\"Effect\":\"Allow\",\"Resource\":\"*\",\"Sid\":\"LambdaInvoke\"},{\"Action\":[\"ssm:ListDocuments\",\"ssm:DescribeDocument\",\"ssm:GetDocument\",\"ssm:StartAutomationExecution\",\"ssm:GetAutomationExecution\"],\"Effect\":\"Allow\",\"Resource\":\"*\",\"Sid\":\"SSMRead\"},{\"Action\":[\"sns:Publish\"],\"Effect\":\"Allow\",\"Resource\":\"*\",\"Sid\":\"SNSPublish\"}]}"
              }
            ],
            "managed_policy_arns": [],
            "max_session_duration": 3600,
            "name": "chatops-chatbot-role",
            "name_prefix": "",
            "path": "/",
            "permissions_boundary": "",
            "tags": {},
            "tags_all": {},
            "unique_id": "AROAYS2NWKYWDB4LXNHH6"
          },
          "sensitive_attributes": [],
          "private": "bnVsbA=="
        }
      ]
    },
    {
      "module": "module.iam",
      "mode": "managed",
      "type": "aws_iam_role",
      "name": "lambda",
      "provider": "provider[\"registry.terraform.io/hashicorp/aws\"]",
      "instances": [
        {
          "schema_version": 0,
          "attributes": {
            "arn": "arn:aws:iam::590184076844:role/chatops-lambda-role",
            "assume_role_policy": "{\"Statement\":[{\"Action\":\"sts:AssumeRole\",\"Effect\":\"Allow\",\"Principal\":{\"Service\":\"lambda.amazonaws.com\"}}],\"Version\":\"2012-10-17\"}",
            "create_date": "2026-05-03T13:46:49Z",
            "description": "",
            "force_detach_policies": false,
            "id": "chatops-lambda-role",
            "inline_policy": [
              {
                "name": "chatops-lambda-ssm-policy",
                "policy": "{\"Version\":\"2012-10-17\",\"Statement\":[{\"Action\":[\"ssm:StartAutomationExecution\",\"ssm:GetAutomationExecution\",\"ssm:ListDocuments\",\"ssm:DescribeDocument\",\"ssm:GetDocument\"],\"Effect\":\"Allow\",\"Resource\":\"*\",\"Sid\":\"SSMAccess\"},{\"Action\":[\"ec2:DescribeInstances\",\"ec2:DescribeInstanceStatus\"],\"Effect\":\"Allow\",\"Resource\":\"*\",\"Sid\":\"EC2ReadOnly\"},{\"Action\":[\"logs:CreateLogGroup\",\"logs:CreateLogStream\",\"logs:PutLogEvents\"],\"Effect\":\"Allow\",\"Resource\":\"arn:aws:logs:*:*:*\",\"Sid\":\"CloudWatchLogs\"}]}"
              }
            ],
            "managed_policy_arns": [],
            "max_session_duration": 3600,
            "name": "chatops-lambda-role",
            "name_prefix": "",
            "path": "/",
            "permissions_boundary": "",
            "tags": {},
            "tags_all": {},
            "unique_id": "AROAYS2NWKYWOIHVJHJSO"
          },
          "sensitive_attributes": [],
          "private": "bnVsbA=="
        }
      ]
    },
    {
      "module": "module.iam",
      "mode": "managed",
      "type": "aws_iam_role",
      "name": "ssm",
      "provider": "provider[\"registry.terraform.io/hashicorp/aws\"]",
      "instances": [
        {
          "schema_version": 0,
          "attributes": {
            "arn": "arn:aws:iam::590184076844:role/chatops-ssm-role",
            "assume_role_policy": "{\"Statement\":[{\"Action\":\"sts:AssumeRole\",\"Effect\":\"Allow\",\"Principal\":{\"Service\":\"ssm.amazonaws.com\"}}],\"Version\":\"2012-10-17\"}",
            "create_date": "2026-05-03T13:46:49Z",
            "description": "",
            "force_detach_policies": false,
            "id": "chatops-ssm-role",
            "inline_policy": [
              {
                "name": "chatops-ssm-execution-policy",
                "policy": "{\"Version\":\"2012-10-17\",\"Statement\":[{\"Action\":[\"ec2:DescribeInstances\",\"ec2:DescribeInstanceStatus\",\"ec2:StartInstances\",\"ec2:StopInstances\",\"ec2:RebootInstances\"],\"Effect\":\"Allow\",\"Resource\":\"*\",\"Sid\":\"EC2Actions\"},{\"Action\":[\"logs:CreateLogGroup\",\"logs:CreateLogStream\",\"logs:PutLogEvents\",\"logs:DescribeLogGroups\",\"logs:DescribeLogStreams\"],\"Effect\":\"Allow\",\"Resource\":\"*\",\"Sid\":\"SSMLogs\"}]}"
              }
            ],
            "managed_policy_arns": [],
            "max_session_duration": 3600,
            "name": "chatops-ssm-role",
            "name_prefix": "",
            "path": "/",
            "permissions_boundary": "",
            "tags": {},
            "tags_all": {},
            "unique_id": "AROAYS2NWKYWPI5YD5VQG"
          },
          "sensitive_attributes": [],
          "private": "bnVsbA=="
        }
      ]
    },
    {
      "module": "module.iam",
      "mode": "managed",
      "type": "aws_iam_role_policy",
      "name": "chatbot_permissions",
      "provider": "provider[\"registry.terraform.io/hashicorp/aws\"]",
      "instances": [
        {
          "schema_version": 0,
          "attributes": {
            "id": "chatops-chatbot-role:chatops-chatbot-policy",
            "name": "chatops-chatbot-policy",
            "name_prefix": "",
            "policy": "{\"Version\":\"2012-10-17\",\"Statement\":[{\"Action\":[\"cloudwatch:Describe*\",\"cloudwatch:Get*\",\"cloudwatch:List*\"],\"Effect\":\"Allow\",\"Resource\":\"*\",\"Sid\":\"CloudWatchRead\"},{\"Action\":[\"lambda:invokeFunction\",\"lambda:ListFunctions\"],\"Effect\":\"Allow\",\"Resource\":\"*\",\"Sid\":\"LambdaInvoke\"},{\"Action\":[\"ssm:ListDocuments\",\"ssm:DescribeDocument\",\"ssm:GetDocument\",\"ssm:StartAutomationExecution\",\"ssm:GetAutomationExecution\"],\"Effect\":\"Allow\",\"Resource\":\"*\",\"Sid\":\"SSMRead\"},{\"Action\":[\"sns:Publish\"],\"Effect\":\"Allow\",\"Resource\":\"*\",\"Sid\":\"SNSPublish\"}]}",
            "role": "chatops-chatbot-role"
          },
          "sensitive_attributes": [],
          "private": "bnVsbA==",
          "dependencies": [
            "module.iam.aws_iam_role.chatbot"
          ]
        }
      ]
    },
    {
      "module": "module.iam",
      "mode": "managed",
      "type": "aws_iam_role_policy",
      "name": "lambda_ssm",
      "provider": "provider[\"registry.terraform.io/hashicorp/aws\"]",
      "instances": [
        {
          "schema_version": 0,
          "attributes": {
            "id": "chatops-lambda-role:chatops-lambda-ssm-policy",
            "name": "chatops-lambda-ssm-policy",
            "name_prefix": "",
            "policy": "{\"Version\":\"2012-10-17\",\"Statement\":[{\"Action\":[\"ssm:StartAutomationExecution\",\"ssm:GetAutomationExecution\",\"ssm:ListDocuments\",\"ssm:DescribeDocument\",\"ssm:GetDocument\"],\"Effect\":\"Allow\",\"Resource\":\"*\",\"Sid\":\"SSMAccess\"},{\"Action\":[\"ec2:DescribeInstances\",\"ec2:DescribeInstanceStatus\"],\"Effect\":\"Allow\",\"Resource\":\"*\",\"Sid\":\"EC2ReadOnly\"},{\"Action\":[\"logs:CreateLogGroup\",\"logs:CreateLogStream\",\"logs:PutLogEvents\"],\"Effect\":\"Allow\",\"Resource\":\"arn:aws:logs:*:*:*\",\"Sid\":\"CloudWatchLogs\"}]}",
            "role": "chatops-lambda-role"
          },
          "sensitive_attributes": [],
          "private": "bnVsbA==",
          "dependencies": [
            "module.iam.aws_iam_role.lambda"
          ]
        }
      ]
    },
    {
      "module": "module.iam",
      "mode": "managed",
      "type": "aws_iam_role_policy",
      "name": "ssm_execution",
      "provider": "provider[\"registry.terraform.io/hashicorp/aws\"]",
      "instances": [
        {
          "schema_version": 0,
          "attributes": {
            "id": "chatops-ssm-role:chatops-ssm-execution-policy",
            "name": "chatops-ssm-execution-policy",
            "name_prefix": "",
            "policy": "{\"Version\":\"2012-10-17\",\"Statement\":[{\"Action\":[\"ec2:DescribeInstances\",\"ec2:DescribeInstanceStatus\",\"ec2:StartInstances\",\"ec2:StopInstances\",\"ec2:RebootInstances\"],\"Effect\":\"Allow\",\"Resource\":\"*\",\"Sid\":\"EC2Actions\"},{\"Action\":[\"logs:CreateLogGroup\",\"logs:CreateLogStream\",\"logs:PutLogEvents\",\"logs:DescribeLogGroups\",\"logs:DescribeLogStreams\"],\"Effect\":\"Allow\",\"Resource\":\"*\",\"Sid\":\"SSMLogs\"}]}",
            "role": "chatops-ssm-role"
          },
          "sensitive_attributes": [],
          "private": "bnVsbA==",
          "dependencies": [
            "module.iam.aws_iam_role.ssm"
          ]
        }
      ]
    },
    {
      "module": "module.lambda",
      "mode": "data",
      "type": "archive_file",
      "name": "lambda_zip",
      "provider": "provider[\"registry.terraform.io/hashicorp/archive\"]",
      "instances": [
        {
          "schema_version": 0,
          "attributes": {
            "exclude_symlink_directories": null,
            "excludes": null,
            "id": "708d6d2a5671ba45a43fafd9c1a7e87e502f2053",
            "output_base64sha256": "3cZgHm35oE3m9U0CVjEG/tmZ7yg8DtXU5W/z1schFvg=",
            "output_base64sha512": "YAmTtvg+H2Mu0jyMevuPdxuUaOVdkMN6DxvFZcgXAkCgMkFd2EEuk5Z/2KNct6QuGupk67iZOO4htplk2sGowQ==",
            "output_file_mode": null,
            "output_md5": "903faa7d69ec094b1fb2d850ba845a72",
            "output_path": "../../modules/lambda/chatops_lambda.zip",
            "output_sha": "708d6d2a5671ba45a43fafd9c1a7e87e502f2053",
            "output_sha256": "ddc6601e6df9a04de6f54d02563106fed999ef283c0ed5d4e56ff3d6c72116f8",
            "output_sha512": "600993b6f83e1f632ed23c8c7afb8f771b9468e55d90c37a0f1bc565c8170240a032415dd8412e93967fd8a35cb7a42e1aea64ebb89938ee21b69964dac1a8c1",
            "output_size": 1149,
            "source": [],
            "source_content": null,
            "source_content_filename": null,
            "source_dir": "../../modules/lambda/src",
            "source_file": null,
            "type": "zip"
          },
          "sensitive_attributes": []
        }
      ]
    },
    {
      "module": "module.lambda",
      "mode": "managed",
      "type": "aws_cloudwatch_log_group",
      "name": "lambda",
      "provider": "provider[\"registry.terraform.io/hashicorp/aws\"]",
      "instances": [
        {
          "schema_version": 0,
          "attributes": {
            "arn": "arn:aws:logs:us-east-1:590184076844:log-group:/aws/lambda/chatops-chatops-handler",
            "id": "/aws/lambda/chatops-chatops-handler",
            "kms_key_id": "",
            "log_group_class": "STANDARD",
            "name": "/aws/lambda/chatops-chatops-handler",
            "name_prefix": "",
            "retention_in_days": 14,
            "skip_destroy": false,
            "tags": {},
            "tags_all": {}
          },
          "sensitive_attributes": [],
          "private": "bnVsbA=="
        }
      ]
    },
    {
      "module": "module.lambda",
      "mode": "managed",
      "type": "aws_lambda_function",
      "name": "chatops",
      "provider": "provider[\"registry.terraform.io/hashicorp/aws\"]",
      "instances": [
        {
          "schema_version": 0,
          "attributes": {
            "architectures": [
              "x86_64"
            ],
            "arn": "arn:aws:lambda:us-east-1:590184076844:function:chatops-chatops-handler",
            "code_sha256": "3cZgHm35oE3m9U0CVjEG/tmZ7yg8DtXU5W/z1schFvg=",
            "code_signing_config_arn": "",
            "dead_letter_config": [],
            "description": "Handles ChatOps commands from Slack via AWS Chatbot",
            "environment": [
              {
                "variables": {
                  "SSM_CHECK_LAMBDA_HEALTH": "chatops-check-lambda-health",
                  "SSM_DESCRIBE_INSTANCES": "ec2-documents-disabled",
                  "SSM_LIST_ACTIVE_ALARMS": "chatops-list-active-alarms",
                  "SSM_LIST_LAMBDAS": "chatops-list-lambdas",
                  "SSM_LIST_SNS_SUBSCRIPTIONS": "chatops-list-sns-subscriptions",
                  "SSM_RESTART_INSTANCE": "ec2-documents-disabled",
                  "SSM_STOP_INSTANCE": "ec2-documents-disabled"
                }
              }
            ],
            "ephemeral_storage": [
              {
                "size": 512
              }
            ],
            "file_system_config": [],
            "filename": "../../modules/lambda/chatops_lambda.zip",
            "function_name": "chatops-chatops-handler",
            "handler": "handler.lambda_handler",
            "id": "chatops-chatops-handler",
            "image_config": [],
            "image_uri": "",
            "invoke_arn": "arn:aws:apigateway:us-east-1:lambda:path/2015-03-31/functions/arn:aws:lambda:us-east-1:590184076844:function:chatops-chatops-handler/invocations",
            "kms_key_arn": "",
            "last_modified": "2026-05-03T13:46:57.676+0000",
            "layers": [],
            "logging_config": [
              {
                "application_log_level": "",
                "log_format": "Text",
                "log_group": "/aws/lambda/chatops-chatops-handler",
                "system_log_level": ""
              }
            ],
            "memory_size": 128,
            "package_type": "Zip",
            "publish": false,
            "qualified_arn": "arn:aws:lambda:us-east-1:590184076844:function:chatops-chatops-handler:$LATEST",
            "qualified_invoke_arn": "arn:aws:apigateway:us-east-1:lambda:path/2015-03-31/functions/arn:aws:lambda:us-east-1:590184076844:function:chatops-chatops-handler:$LATEST/invocations",
            "replace_security_groups_on_destroy": null,
            "replacement_security_group_ids": null,
            "reserved_concurrent_executions": -1,
            "role": "arn:aws:iam::590184076844:role/chatops-lambda-role",
            "runtime": "python3.12",
            "s3_bucket": null,
            "s3_key": null,
            "s3_object_version": null,
            "signing_job_arn": "",
            "signing_profile_version_arn": "",
            "skip_destroy": false,
            "snap_start": [],
            "source_code_hash": "3cZgHm35oE3m9U0CVjEG/tmZ7yg8DtXU5W/z1schFvg=",
            "source_code_size": 1149,
            "tags": {},
            "tags_all": {},
            "timeout": 60,
            "timeouts": null,
            "tracing_config": [
              {
                "mode": "PassThrough"
              }
            ],
            "version": "$LATEST",
            "vpc_config": []
          },
          "sensitive_attributes": [],
          "private": "eyJlMmJmYjczMC1lY2FhLTExZTYtOGY4OC0zNDM2M2JjN2M0YzAiOnsiY3JlYXRlIjo2MDAwMDAwMDAwMDAsImRlbGV0ZSI6NjAwMDAwMDAwMDAwLCJ1cGRhdGUiOjYwMDAwMDAwMDAwMH19",
          "dependencies": [
            "module.iam.aws_iam_role.lambda",
            "module.iam.aws_iam_role.ssm",
            "module.lambda.aws_cloudwatch_log_group.lambda",
            "module.lambda.data.archive_file.lambda_zip",
            "module.ssm.aws_ssm_document.check_lambda_health",
            "module.ssm.aws_ssm_document.describe_instances",
            "module.ssm.aws_ssm_document.list_active_alarms",
            "module.ssm.aws_ssm_document.list_lambdas",
            "module.ssm.aws_ssm_document.list_sns_subscriptions",
            "module.ssm.aws_ssm_document.restart_instance",
            "module.ssm.aws_ssm_document.stop_instance"
          ]
        }
      ]
    },
    {
      "module": "module.lambda",
      "mode": "managed",
      "type": "aws_lambda_permission",
      "name": "allow_eventbridge",
      "provider": "provider[\"registry.terraform.io/hashicorp/aws\"]",
      "instances": [
        {
          "schema_version": 0,
          "attributes": {
            "action": "lambda:InvokeFunction",
            "event_source_token": null,
            "function_name": "chatops-chatops-handler",
            "function_url_auth_type": null,
            "id": "AllowEventBridgeInvoke",
            "principal": "events.amazonaws.com",
            "principal_org_id": null,
            "qualifier": "",
            "source_account": null,
            "source_arn": null,
            "statement_id": "AllowEventBridgeInvoke",
            "statement_id_prefix": ""
          },
          "sensitive_attributes": [],
          "private": "bnVsbA==",
          "dependencies": [
            "module.iam.aws_iam_role.lambda",
            "module.iam.aws_iam_role.ssm",
            "module.lambda.aws_cloudwatch_log_group.lambda",
            "module.lambda.aws_lambda_function.chatops",
            "module.lambda.data.archive_file.lambda_zip",
            "module.ssm.aws_ssm_document.check_lambda_health",
            "module.ssm.aws_ssm_document.describe_instances",
            "module.ssm.aws_ssm_document.list_active_alarms",
            "module.ssm.aws_ssm_document.list_lambdas",
            "module.ssm.aws_ssm_document.list_sns_subscriptions",
            "module.ssm.aws_ssm_document.restart_instance",
            "module.ssm.aws_ssm_document.stop_instance"
          ]
        }
      ]
    },
    {
      "module": "module.ssm",
      "mode": "managed",
      "type": "aws_ssm_document",
      "name": "check_lambda_health",
      "provider": "provider[\"registry.terraform.io/hashicorp/aws\"]",
      "instances": [
        {
          "schema_version": 0,
          "attributes": {
            "arn": "arn:aws:ssm:us-east-1:590184076844:automation-definition/chatops-check-lambda-health",
            "attachments_source": [],
            "content": "{\"assumeRole\":\"arn:aws:iam::590184076844:role/chatops-ssm-role\",\"description\":\"Get configuration and state of a specific Lambda function\",\"mainSteps\":[{\"action\":\"aws:executeAwsApi\",\"inputs\":{\"Api\":\"GetFunction\",\"FunctionName\":\"{{ FunctionName }}\",\"Service\":\"lambda\"},\"name\":\"getFunction\",\"outputs\":[{\"Name\":\"FunctionArn\",\"Selector\":\"$.Configuration.FunctionArn\",\"Type\":\"String\"},{\"Name\":\"State\",\"Selector\":\"$.Configuration.State\",\"Type\":\"String\"},{\"Name\":\"Runtime\",\"Selector\":\"$.Configuration.Runtime\",\"Type\":\"String\"}]}],\"outputs\":[\"getFunction.FunctionArn\",\"getFunction.State\",\"getFunction.Runtime\"],\"parameters\":{\"FunctionName\":{\"description\":\"The Lambda function name to check\",\"type\":\"String\"}},\"schemaVersion\":\"0.3\"}",
            "created_date": "2026-05-03T13:46:50Z",
            "default_version": "1",
            "description": "Get configuration and state of a specific Lambda function",
            "document_format": "JSON",
            "document_type": "Automation",
            "document_version": "1",
            "hash": "797941b4a015ff49175545706f3c8e2c56eb4ba984ba18b59d635b077c04ad8a",
            "hash_type": "Sha256",
            "id": "chatops-check-lambda-health",
            "latest_version": "1",
            "name": "chatops-check-lambda-health",
            "owner": "590184076844",
            "parameter": [
              {
                "default_value": "",
                "description": "The Lambda function name to check",
                "name": "FunctionName",
                "type": "String"
              }
            ],
            "permissions": {},
            "platform_types": [
              "Windows",
              "Linux",
              "MacOS"
            ],
            "schema_version": "0.3",
            "status": "Active",
            "tags": {},
            "tags_all": {},
            "target_type": "",
            "version_name": ""
          },
          "sensitive_attributes": [],
          "private": "bnVsbA==",
          "dependencies": [
            "module.iam.aws_iam_role.ssm"
          ]
        }
      ]
    },
    {
      "module": "module.ssm",
      "mode": "managed",
      "type": "aws_ssm_document",
      "name": "list_active_alarms",
      "provider": "provider[\"registry.terraform.io/hashicorp/aws\"]",
      "instances": [
        {
          "schema_version": 0,
          "attributes": {
            "arn": "arn:aws:ssm:us-east-1:590184076844:automation-definition/chatops-list-active-alarms",
            "attachments_source": [],
            "content": "{\"assumeRole\":\"arn:aws:iam::590184076844:role/chatops-ssm-role\",\"description\":\"List all CloudWatch alarms currently in ALARM state\",\"mainSteps\":[{\"action\":\"aws:executeAwsApi\",\"inputs\":{\"Api\":\"DescribeAlarms\",\"Service\":\"cloudwatch\",\"StateValue\":\"ALARM\"},\"name\":\"describeAlarms\",\"outputs\":[{\"Name\":\"MetricAlarms\",\"Selector\":\"$.MetricAlarms\",\"Type\":\"MapList\"}]}],\"outputs\":[\"describeAlarms.MetricAlarms\"],\"schemaVersion\":\"0.3\"}",
            "created_date": "2026-05-03T13:46:50Z",
            "default_version": "1",
            "description": "List all CloudWatch alarms currently in ALARM state",
            "document_format": "JSON",
            "document_type": "Automation",
            "document_version": "1",
            "hash": "68c0d67262baeac95eac9ecd6c373907b760b8f87209af16ed9d37e520bb8d2d",
            "hash_type": "Sha256",
            "id": "chatops-list-active-alarms",
            "latest_version": "1",
            "name": "chatops-list-active-alarms",
            "owner": "590184076844",
            "parameter": [],
            "permissions": {},
            "platform_types": [
              "Windows",
              "Linux",
              "MacOS"
            ],
            "schema_version": "0.3",
            "status": "Active",
            "tags": {},
            "tags_all": {},
            "target_type": "",
            "version_name": ""
          },
          "sensitive_attributes": [],
          "private": "bnVsbA==",
          "dependencies": [
            "module.iam.aws_iam_role.ssm"
          ]
        }
      ]
    },
    {
      "module": "module.ssm",
      "mode": "managed",
      "type": "aws_ssm_document",
      "name": "list_lambdas",
      "provider": "provider[\"registry.terraform.io/hashicorp/aws\"]",
      "instances": [
        {
          "schema_version": 0,
          "attributes": {
            "arn": "arn:aws:ssm:us-east-1:590184076844:automation-definition/chatops-list-lambdas",
            "attachments_source": [],
            "content": "{\"assumeRole\":\"arn:aws:iam::590184076844:role/chatops-ssm-role\",\"description\":\"List all Lambda functions and their runtime, state, and last modified date\",\"mainSteps\":[{\"action\":\"aws:executeAwsApi\",\"inputs\":{\"Api\":\"ListFunctions\",\"Service\":\"lambda\"},\"name\":\"listFunctions\",\"outputs\":[{\"Name\":\"Functions\",\"Selector\":\"$.Functions\",\"Type\":\"MapList\"}]}],\"outputs\":[\"listFunctions.Functions\"],\"schemaVersion\":\"0.3\"}",
            "created_date": "2026-05-03T13:46:50Z",
            "default_version": "1",
            "description": "List all Lambda functions and their runtime, state, and last modified date",
            "document_format": "JSON",
            "document_type": "Automation",
            "document_version": "1",
            "hash": "7f7673db361288411504e92e5a37a3e4f832bcfd94019a6aabfd7382438cc3f5",
            "hash_type": "Sha256",
            "id": "chatops-list-lambdas",
            "latest_version": "1",
            "name": "chatops-list-lambdas",
            "owner": "590184076844",
            "parameter": [],
            "permissions": {},
            "platform_types": [
              "Windows",
              "Linux",
              "MacOS"
            ],
            "schema_version": "0.3",
            "status": "Active",
            "tags": {},
            "tags_all": {},
            "target_type": "",
            "version_name": ""
          },
          "sensitive_attributes": [],
          "private": "bnVsbA==",
          "dependencies": [
            "module.iam.aws_iam_role.ssm"
          ]
        }
      ]
    },
    {
      "module": "module.ssm",
      "mode": "managed",
      "type": "aws_ssm_document",
      "name": "list_sns_subscriptions",
      "provider": "provider[\"registry.terraform.io/hashicorp/aws\"]",
      "instances": [
        {
          "schema_version": 0,
          "attributes": {
            "arn": "arn:aws:ssm:us-east-1:590184076844:automation-definition/chatops-list-sns-subscriptions",
            "attachments_source": [],
            "content": "{\"assumeRole\":\"arn:aws:iam::590184076844:role/chatops-ssm-role\",\"description\":\"List all subscriptions for the ChatOps SNS alerts topic\",\"mainSteps\":[{\"action\":\"aws:executeAwsApi\",\"inputs\":{\"Api\":\"ListSubscriptionsByTopic\",\"Service\":\"sns\",\"TopicArn\":\"{{ TopicArn }}\"},\"name\":\"listSubscriptions\",\"outputs\":[{\"Name\":\"Subscriptions\",\"Selector\":\"$.Subscriptions\",\"Type\":\"MapList\"}]}],\"outputs\":[\"listSubscriptions.Subscriptions\"],\"parameters\":{\"TopicArn\":{\"description\":\"The SNS topic ARN to inspect\",\"type\":\"String\"}},\"schemaVersion\":\"0.3\"}",
            "created_date": "2026-05-03T13:46:50Z",
            "default_version": "1",
            "description": "List all subscriptions for the ChatOps SNS alerts topic",
            "document_format": "JSON",
            "document_type": "Automation",
            "document_version": "1",
            "hash": "1e8b21e5932d3d9722f408938430d9ef69de082a22c27780bcbf100fb40a6fd5",
            "hash_type": "Sha256",
            "id": "chatops-list-sns-subscriptions",
            "latest_version": "1",
            "name": "chatops-list-sns-subscriptions",
            "owner": "590184076844",
            "parameter": [
              {
                "default_value": "",
                "description": "The SNS topic ARN to inspect",
                "name": "TopicArn",
                "type": "String"
              }
            ],
            "permissions": {},
            "platform_types": [
              "Windows",
              "Linux",
              "MacOS"
            ],
            "schema_version": "0.3",
            "status": "Active",
            "tags": {},
            "tags_all": {},
            "target_type": "",
            "version_name": ""
          },
          "sensitive_attributes": [],
          "private": "bnVsbA==",
          "dependencies": [
            "module.iam.aws_iam_role.ssm"
          ]
        }
      ]
    }
  ],
  "check_results": [
    {
      "object_kind": "var",
      "config_addr": "module.chatbot.var.logging_level",
      "status": "unknown",
      "objects": null
    }
  ]
}
